
Microsoft Visual Studio Solution File, Format Version 12.00
# Visual Studio Version 16
VisualStudioVersion = 16.0.31729.503
MinimumVisualStudioVersion = 10.0.40219.1
Project("{FAE04EC0-301F-11D3-BF4B-00C04F79EFBC}") = "MyBudget", "MyBudget\MyBudget.csproj", "{4D0E8821-EE1C-4A58-89E6-D562E963C804}"
EndProject
Global
	GlobalSection(SolutionConfigurationPlatforms) = preSolution
		Debug|Any CPU = Debug|Any CPU
		Release|Any CPU = Release|Any CPU
	EndGlobalSection
	GlobalSection(ProjectConfigurationPlatforms) = postSolution
		{4D0E8821-EE1C-4A58-89E6-D562E963C804}.Debug|Any CPU.ActiveCfg = Debug|Any CPU
		{4D0E8821-EE1C-4A58-89E6-D562E963C804}.Debug|Any CPU.Build.0 = Debug|Any CPU
		{4D0E8821-EE1C-4A58-89E6-D562E963C804}.Release|Any CPU.ActiveCfg = Release|Any CPU
		{4D0E8821-EE1C-4A58-89E6-D562E963C804}.Release|Any CPU.Build.0 = Release|Any CPU
	EndGlobalSection
	GlobalSection(SolutionProperties) = preSolution
		HideSolutionNode = FALSE
	EndGlobalSection
	GlobalSection(ExtensibilityGlobals) = postSolution
		SolutionGuid = {27544130-83BB-4212-88AD-8517A34689DB}
	EndGlobalSection
EndGlobal
